PODS:
  - PINCache (3.0.1):
    - PINCache/Arc-exception-safe (= 3.0.1)
    - PINCache/Core (= 3.0.1)
  - PINCache/Arc-exception-safe (3.0.1):
    - PINCache/Core
  - PINCache/Core (3.0.1):
    - PINOperation (~> 1.2.0)
  - PINOperation (1.2.1)
  - PINRemoteImage/Core (3.0.1):
    - PINOperation
  - PINRemoteImage/iOS (3.0.1):
    - PINRemoteImage/Core
  - PINRemoteImage/PINCache (3.0.1):
    - PINCache (~> 3.0.1)
    - PINRemoteImage/Core
  - Texture (3.0.0):
    - Texture/AssetsLibrary (= 3.0.0)
    - Texture/Core (= 3.0.0)
    - Texture/MapKit (= 3.0.0)
    - Texture/Photos (= 3.0.0)
    - Texture/PINRemoteImage (= 3.0.0)
    - Texture/Video (= 3.0.0)
  - Texture/AssetsLibrary (3.0.0):
    - Texture/Core
  - Texture/Core (3.0.0)
  - Texture/MapKit (3.0.0):
    - Texture/Core
  - Texture/Photos (3.0.0):
    - Texture/Core
  - Texture/PINRemoteImage (3.0.0):
    - PINRemoteImage/iOS (~> 3.0.0)
    - PINRemoteImage/PINCache
    - Texture/Core
  - Texture/Video (3.0.0):
    - Texture/Core

DEPENDENCIES:
  - PINCache (= 3.0.1)
  - Texture

SPEC REPOS:
  trunk:
    - PINCache
    - PINOperation
    - PINRemoteImage
    - Texture

SPEC CHECKSUMS:
  PINCache: ee3c4abadd09970a61cdda0cfc345e69a3d75b26
  PINOperation: 00c935935f1e8cf0d1e2d6b542e75b88fc3e5e20
  PINRemoteImage: 3b7cedb118c2d357f87e9eabc7c81ba0202cb236
  Texture: 2f109e937850d94d1d07232041c9c7313ccddb81

PODFILE CHECKSUM: 26939dcdc8b818f7cb7c22bf86ec52ddd6a6f953

COCOAPODS: 1.10.0
